// !$*UTF8*$!
{
	archiveVersion = 1;
	classes = {
	};
	objectVersion = 56;
	objects = {

/* Begin PBXBuildFile section */
		EA50400D2DFDDD150066976B /* Top_TaskerApp.swift in Sources */ = {isa = PBXBuildFile; fileRef = EA50400C2DFDDD150066976B /* Top_TaskerApp.swift */; };
		EA50400F2DFDDD150066976B /* ContentView.swift in Sources */ = {isa = PBXBuildFile; fileRef = EA50400E2DFDDD150066976B /* ContentView.swift */; };
		EA5040112DFDDD170066976B /* Assets.xcassets in Resources */ = {isa = PBXBuildFile; fileRef = EA5040102DFDDD170066976B /* Assets.xcassets */; };
		EA5040142DFDDD170066976B /* Preview Assets.xcassets in Resources */ = {isa = PBXBuildFile; fileRef = EA5040132DFDDD170066976B /* Preview Assets.xcassets */; };
		EA50401E2DFDDD170066976B /* Top_TaskerTests.swift in Sources */ = {isa = PBXBuildFile; fileRef = EA50401D2DFDDD170066976B /* Top_TaskerTests.swift */; };
		EA5040282DFDDD180066976B /* Top_TaskerUITests.swift in Sources */ = {isa = PBXBuildFile; fileRef = EA5040272DFDDD180066976B /* Top_TaskerUITests.swift */; };
		EA50402A2DFDDD180066976B /* Top_TaskerUITestsLaunchTests.swift in Sources */ = {isa = PBXBuildFile; fileRef = EA5040292DFDDD180066976B /* Top_TaskerUITestsLaunchTests.swift */; };
/* End PBXBuildFile section */

/* Begin PBXContainerItemProxy section */
		EA50401A2DFDDD170066976B /* PBXContainerItemProxy */ = {
			isa = PBXContainerItemProxy;
			containerPortal = EA5040012DFDDD150066976B /* Project object */;
			proxyType = 1;
			remoteGlobalIDString = EA5040082DFDDD150066976B;
			remoteInfo = "Top Tasker";
		};
		EA5040242DFDDD180066976B /* PBXContainerItemProxy */ = {
			isa = PBXContainerItemProxy;
			containerPortal = EA5040012DFDDD150066976B /* Project object */;
			proxyType = 1;
			remoteGlobalIDString = EA5040082DFDDD150066976B;
			remoteInfo = "Top Tasker";
		};
/* End PBXContainerItemProxy section */

/* Begin PBXFileReference section */
		EA5040092DFDDD150066976B /* Top Tasker.app */ = {isa = PBXFileReference; explicitFileType = wrapper.application; includeInIndex = 0; path = "Top Tasker.app"; sourceTree = BUILT_PRODUCTS_DIR; };
		EA50400C2DFDDD150066976B /* Top_TaskerApp.swift */ = {isa = PBXFileReference; lastKnownFileType = sourcecode.swift; path = Top_TaskerApp.swift; sourceTree = "<group>"; };
		EA50400E2DFDDD150066976B /* ContentView.swift */ = {isa = PBXFileReference; lastKnownFileType = sourcecode.swift; path = ContentView.swift; sourceTree = "<group>"; };
		EA5040102DFDDD170066976B /* Assets.xcassets */ = {isa = PBXFileReference; lastKnownFileType = folder.assetcatalog; path = Assets.xcassets; sourceTree = "<group>"; };
		EA5040132DFDDD170066976B /* Preview Assets.xcassets */ = {isa = PBXFileReference; lastKnownFileType = folder.assetcatalog; path = "Preview Assets.xcassets"; sourceTree = "<group>"; };
		EA5040192DFDDD170066976B /* Top TaskerTests.xctest */ = {isa = PBXFileReference; explicitFileType = wrapper.cfbundle; includeInIndex = 0; path = "Top TaskerTests.xctest"; sourceTree = BUILT_PRODUCTS_DIR; };
		EA50401D2DFDDD170066976B /* Top_TaskerTests.swift */ = {isa = PBXFileReference; lastKnownFileType = sourcecode.swift; path = Top_TaskerTests.swift; sourceTree = "<group>"; };
		EA5040232DFDDD180066976B /* Top TaskerUITests.xctest */ = {isa = PBXFileReference; explicitFileType = wrapper.cfbundle; includeInIndex = 0; path = "Top TaskerUITests.xctest"; sourceTree = BUILT_PRODUCTS_DIR; };
		EA5040272DFDDD180066976B /* Top_TaskerUITests.swift */ = {isa = PBXFileReference; lastKnownFileType = sourcecode.swift; path = Top_TaskerUITests.swift; sourceTree = "<group>"; };
		EA5040292DFDDD180066976B /* Top_TaskerUITestsLaunchTests.swift */ = {isa = PBXFileReference; lastKnownFileType = sourcecode.swift; path = Top_TaskerUITestsLaunchTests.swift; sourceTree = "<group>"; };
/* End PBXFileReference section */

/* Begin PBXFrameworksBuildPhase section */
		EA5040062DFDDD150066976B /* Frameworks */ = {
			isa = PBXFrameworksBuildPhase;
			buildActionMask = 2147483647;
			files = (
			);
			runOnlyForDeploymentPostprocessing = 0;
		};
		EA5040162DFDDD170066976B /* Frameworks */ = {
			isa = PBXFrameworksBuildPhase;
			buildActionMask = 2147483647;
			files = (
			);
			runOnlyForDeploymentPostprocessing = 0;
		};
		EA5040202DFDDD180066976B /* Frameworks */ = {
			isa = PBXFrameworksBuildPhase;
			buildActionMask = 2147483647;
			files = (
			);
			runOnlyForDeploymentPostprocessing = 0;
		};
/* End PBXFrameworksBuildPhase section */

/* Begin PBXGroup section */
		EA5040002DFDDD150066976B = {
			isa = PBXGroup;
			children = (
				EA50400B2DFDDD150066976B /* Top Tasker */,
				EA50401C2DFDDD170066976B /* Top TaskerTests */,
				EA5040262DFDDD180066976B /* Top TaskerUITests */,
				EA50400A2DFDDD150066976B /* Products */,
			);
			sourceTree = "<group>";
		};
		EA50400A2DFDDD150066976B /* Products */ = {
			isa = PBXGroup;
			children = (
				EA5040092DFDDD150066976B /* Top Tasker.app */,
				EA5040192DFDDD170066976B /* Top TaskerTests.xctest */,
				EA5040232DFDDD180066976B /* Top TaskerUITests.xctest */,
			);
			name = Products;
			sourceTree = "<group>";
		};
		EA50400B2DFDDD150066976B /* Top Tasker */ = {
			isa = PBXGroup;
			children = (
				EA50400C2DFDDD150066976B /* Top_TaskerApp.swift */,
				EA50400E2DFDDD150066976B /* ContentView.swift */,
				EA5040102DFDDD170066976B /* Assets.xcassets */,
				EA5040122DFDDD170066976B /* Preview Content */,
			);
			path = "Top Tasker";
			sourceTree = "<group>";
		};
		EA5040122DFDDD170066976B /* Preview Content */ = {
			isa = PBXGroup;
			children = (
				EA5040132DFDDD170066976B /* Preview Assets.xcassets */,
			);
			path = "Preview Content";
			sourceTree = "<group>";
		};
		EA50401C2DFDDD170066976B /* Top TaskerTests */ = {
			isa = PBXGroup;
			children = (
				EA50401D2DFDDD170066976B /* Top_TaskerTests.swift */,
			);
			path = "Top TaskerTests";
			sourceTree = "<group>";
		};
		EA5040262DFDDD180066976B /* Top TaskerUITests */ = {
			isa = PBXGroup;
			children = (
				EA5040272DFDDD180066976B /* Top_TaskerUITests.swift */,
				EA5040292DFDDD180066976B /* Top_TaskerUITestsLaunchTests.swift */,
			);
			path = "Top TaskerUITests";
			sourceTree = "<group>";
		};
/* End PBXGroup section */

/* Begin PBXNativeTarget section */
		EA5040082DFDDD150066976B /* Top Tasker */ = {
			isa = PBXNativeTarget;
			buildConfigurationList = EA50402D2DFDDD180066976B /* Build configuration list for PBXNativeTarget "Top Tasker" */;
			buildPhases = (
				EA5040052DFDDD150066976B /* Sources */,
				EA5040062DFDDD150066976B /* Frameworks */,
				EA5040072DFDDD150066976B /* Resources */,
			);
			buildRules = (
			);
			dependencies = (
			);
			name = "Top Tasker";
			productName = "Top Tasker";
			productReference = EA5040092DFDDD150066976B /* Top Tasker.app */;
			productType = "com.apple.product-type.application";
		};
		EA5040182DFDDD170066976B /* Top TaskerTests */ = {
			isa = PBXNativeTarget;
			buildConfigurationList = EA5040302DFDDD180066976B /* Build configuration list for PBXNativeTarget "Top TaskerTests" */;
			buildPhases = (
				EA5040152DFDDD170066976B /* Sources */,
				EA5040162DFDDD170066976B /* Frameworks */,
				EA5040172DFDDD170066976B /* Resources */,
			);
			buildRules = (
			);
			dependencies = (
				EA50401B2DFDDD170066976B /* PBXTargetDependency */,
			);
			name = "Top TaskerTests";
			productName = "Top TaskerTests";
			productReference = EA5040192DFDDD170066976B /* Top TaskerTests.xctest */;
			productType = "com.apple.product-type.bundle.unit-test";
		};
		EA5040222DFDDD180066976B /* Top TaskerUITests */ = {
			isa = PBXNativeTarget;
			buildConfigurationList = EA5040332DFDDD180066976B /* Build configuration list for PBXNativeTarget "Top TaskerUITests" */;
			buildPhases = (
				EA50401F2DFDDD180066976B /* Sources */,
				EA5040202DFDDD180066976B /* Frameworks */,
				EA5040212DFDDD180066976B /* Resources */,
			);
			buildRules = (
			);
			dependencies = (
				EA5040252DFDDD180066976B /* PBXTargetDependency */,
			);
			name = "Top TaskerUITests";
			productName = "Top TaskerUITests";
			productReference = EA5040232DFDDD180066976B /* Top TaskerUITests.xctest */;
			productType = "com.apple.product-type.bundle.ui-testing";
		};
/* End PBXNativeTarget section */

/* Begin PBXProject section */
		EA5040012DFDDD150066976B /* Project object */ = {
			isa = PBXProject;
			attributes = {
				BuildIndependentTargetsInParallel = 1;
				LastSwiftUpdateCheck = 1540;
				LastUpgradeCheck = 1540;
				TargetAttributes = {
					EA5040082DFDDD150066976B = {
						CreatedOnToolsVersion = 15.4;
					};
					EA5040182DFDDD170066976B = {
						CreatedOnToolsVersion = 15.4;
						TestTargetID = EA5040082DFDDD150066976B;
					};
					EA5040222DFDDD180066976B = {
						CreatedOnToolsVersion = 15.4;
						TestTargetID = EA5040082DFDDD150066976B;
					};
				};
			};
			buildConfigurationList = EA5040042DFDDD150066976B /* Build configuration list for PBXProject "Top Tasker" */;
			compatibilityVersion = "Xcode 14.0";
			developmentRegion = en;
			hasScannedForEncodings = 0;
			knownRegions = (
				en,
				Base,
			);
			mainGroup = EA5040002DFDDD150066976B;
			productRefGroup = EA50400A2DFDDD150066976B /* Products */;
			projectDirPath = "";
			projectRoot = "";
			targets = (
				EA5040082DFDDD150066976B /* Top Tasker */,
				EA5040182DFDDD170066976B /* Top TaskerTests */,
				EA5040222DFDDD180066976B /* Top TaskerUITests */,
			);
		};
/* End PBXProject section */

/* Begin PBXResourcesBuildPhase section */
		EA5040072DFDDD150066976B /* Resources */ = {
			isa = PBXResourcesBuildPhase;
			buildActionMask = 2147483647;
			files = (
				EA5040142DFDDD170066976B /* Preview Assets.xcassets in Resources */,
				EA5040112DFDDD170066976B /* Assets.xcassets in Resources */,
			);
			runOnlyForDeploymentPostprocessing = 0;
		};
		EA5040172DFDDD170066976B /* Resources */ = {
			isa = PBXResourcesBuildPhase;
			buildActionMask = 2147483647;
			files = (
			);
			runOnlyForDeploymentPostprocessing = 0;
		};
		EA5040212DFDDD180066976B /* Resources */ = {
			isa = PBXResourcesBuildPhase;
			buildActionMask = 2147483647;
			files = (
			);
			runOnlyForDeploymentPostprocessing = 0;
		};
/* End PBXResourcesBuildPhase section */

/* Begin PBXSourcesBuildPhase section */
		EA5040052DFDDD150066976B /* Sources */ = {
			isa = PBXSourcesBuildPhase;
			buildActionMask = 2147483647;
			files = (
				EA50400F2DFDDD150066976B /* ContentView.swift in Sources */,
				EA50400D2DFDDD150066976B /* Top_TaskerApp.swift in Sources */,
			);
			runOnlyForDeploymentPostprocessing = 0;
		};
		EA5040152DFDDD170066976B /* Sources */ = {
			isa = PBXSourcesBuildPhase;
			buildActionMask = 2147483647;
			files = (
				EA50401E2DFDDD170066976B /* Top_TaskerTests.swift in Sources */,
			);
			runOnlyForDeploymentPostprocessing = 0;
		};
		EA50401F2DFDDD180066976B /* Sources */ = {
			isa = PBXSourcesBuildPhase;
			buildActionMask = 2147483647;
			files = (
				EA50402A2DFDDD180066976B /* Top_TaskerUITestsLaunchTests.swift in Sources */,
				EA5040282DFDDD180066976B /* Top_TaskerUITests.swift in Sources */,
			);
			runOnlyForDeploymentPostprocessing = 0;
		};
/* End PBXSourcesBuildPhase section */

/* Begin PBXTargetDependency section */
		EA50401B2DFDDD170066976B /* PBXTargetDependency */ = {
			isa = PBXTargetDependency;
			target = EA5040082DFDDD150066976B /* Top Tasker */;
			targetProxy = EA50401A2DFDDD170066976B /* PBXContainerItemProxy */;
		};
		EA5040252DFDDD180066976B /* PBXTargetDependency */ = {
			isa = PBXTargetDependency;
			target = EA5040082DFDDD150066976B /* Top Tasker */;
			targetProxy = EA5040242DFDDD180066976B /* PBXContainerItemProxy */;
		};
/* End PBXTargetDependency section */

/* Begin XCBuildConfiguration section */
		EA50402B2DFDDD180066976B /* Debug */ = {
			isa = XCBuildConfiguration;
			buildSettings = {
				ALWAYS_SEARCH_USER_PATHS = NO;
				ASSETCATALOG_COMPILER_GENERATE_SWIFT_ASSET_SYMBOL_EXTENSIONS = YES;
				CLANG_ANALYZER_NONNULL = YES;
				CLANG_ANALYZER_NUMBER_OBJECT_CONVERSION = YES_AGGRESSIVE;
				CLANG_CXX_LANGUAGE_STANDARD = "gnu++20";
				CLANG_ENABLE_MODULES = YES;
				CLANG_ENABLE_OBJC_ARC = YES;
				CLANG_ENABLE_OBJC_WEAK = YES;
				CLANG_WARN_BLOCK_CAPTURE_AUTORELEASING = YES;
				CLANG_WARN_BOOL_CONVERSION = YES;
				CLANG_WARN_COMMA = YES;
				CLANG_WARN_CONSTANT_CONVERSION = YES;
				CLANG_WARN_DEPRECATED_OBJC_IMPLEMENTATIONS = YES;
				CLANG_WARN_DIRECT_OBJC_ISA_USAGE = YES_ERROR;
				CLANG_WARN_DOCUMENTATION_COMMENTS = YES;
				CLANG_WARN_EMPTY_BODY = YES;
				CLANG_WARN_ENUM_CONVERSION = YES;
				CLANG_WARN_INFINITE_RECURSION = YES;
				CLANG_WARN_INT_CONVERSION = YES;
				CLANG_WARN_NON_LITERAL_NULL_CONVERSION = YES;
				CLANG_WARN_OBJC_IMPLICIT_RETAIN_SELF = YES;
				CLANG_WARN_OBJC_LITERAL_CONVERSION = YES;
				CLANG_WARN_OBJC_ROOT_CLASS = YES_ERROR;
				CLANG_WARN_QUOTED_INCLUDE_IN_FRAMEWORK_HEADER = YES;
				CLANG_WARN_RANGE_LOOP_ANALYSIS = YES;
				CLANG_WARN_STRICT_PROTOTYPES = YES;
				CLANG_WARN_SUSPICIOUS_MOVE = YES;
				CLANG_WARN_UNGUARDED_AVAILABILITY = YES_AGGRESSIVE;
				CLANG_WARN_UNREACHABLE_CODE = YES;
				CLANG_WARN__DUPLICATE_METHOD_MATCH = YES;
				COPY_PHASE_STRIP = NO;
				DEBUG_INFORMATION_FORMAT = dwarf;
				ENABLE_STRICT_OBJC_MSGSEND = YES;
				ENABLE_TESTABILITY = YES;
				ENABLE_USER_SCRIPT_SANDBOXING = YES;
				GCC_C_LANGUAGE_STANDARD = gnu17;
				GCC_DYNAMIC_NO_PIC = NO;
				GCC_NO_COMMON_BLOCKS = YES;
				GCC_OPTIMIZATION_LEVEL = 0;
				GCC_PREPROCESSOR_DEFINITIONS = (
					"DEBUG=1",
					"$(inherited)",
				);
				GCC_WARN_64_TO_32_BIT_CONVERSION = YES;
				GCC_WARN_ABOUT_RETURN_TYPE = YES_ERROR;
				GCC_WARN_UNDECLARED_SELECTOR = YES;
				GCC_WARN_UNINITIALIZED_AUTOS = YES_AGGRESSIVE;
				GCC_WARN_UNUSED_FUNCTION = YES;
				GCC_WARN_UNUSED_VARIABLE = YES;
				IPHONEOS_DEPLOYMENT_TARGET = 17.5;
				LOCALIZATION_PREFERS_STRING_CATALOGS = YES;
				MTL_ENABLE_DEBUG_INFO = INCLUDE_SOURCE;
				MTL_FAST_MATH = YES;
				ONLY_ACTIVE_ARCH = YES;
				SDKROOT = iphoneos;
				SWIFT_ACTIVE_COMPILATION_CONDITIONS = "DEBUG $(inherited)";
				SWIFT_OPTIMIZATION_LEVEL = "-Onone";
			};
			name = Debug;
		};
		EA50402C2DFDDD180066976B /* Release */ = {
			isa = XCBuildConfiguration;
			buildSettings = {
				ALWAYS_SEARCH_USER_PATHS = NO;
				ASSETCATALOG_COMPILER_GENERATE_SWIFT_ASSET_SYMBOL_EXTENSIONS = YES;
				CLANG_ANALYZER_NONNULL = YES;
				CLANG_ANALYZER_NUMBER_OBJECT_CONVERSION = YES_AGGRESSIVE;
				CLANG_CXX_LANGUAGE_STANDARD = "gnu++20";
				CLANG_ENABLE_MODULES = YES;
				CLANG_ENABLE_OBJC_ARC = YES;
				CLANG_ENABLE_OBJC_WEAK = YES;
				CLANG_WARN_BLOCK_CAPTURE_AUTORELEASING = YES;
				CLANG_WARN_BOOL_CONVERSION = YES;
				CLANG_WARN_COMMA = YES;
				CLANG_WARN_CONSTANT_CONVERSION = YES;
				CLANG_WARN_DEPRECATED_OBJC_IMPLEMENTATIONS = YES;
				CLANG_WARN_DIRECT_OBJC_ISA_USAGE = YES_ERROR;
				CLANG_WARN_DOCUMENTATION_COMMENTS = YES;
				CLANG_WARN_EMPTY_BODY = YES;
				CLANG_WARN_ENUM_CONVERSION = YES;
				CLANG_WARN_INFINITE_RECURSION = YES;
				CLANG_WARN_INT_CONVERSION = YES;
				CLANG_WARN_NON_LITERAL_NULL_CONVERSION = YES;
				CLANG_WARN_OBJC_IMPLICIT_RETAIN_SELF = YES;
				CLANG_WARN_OBJC_LITERAL_CONVERSION = YES;
				CLANG_WARN_OBJC_ROOT_CLASS = YES_ERROR;
				CLANG_WARN_QUOTED_INCLUDE_IN_FRAMEWORK_HEADER = YES;
				CLANG_WARN_RANGE_LOOP_ANALYSIS = YES;
				CLANG_WARN_STRICT_PROTOTYPES = YES;
				CLANG_WARN_SUSPICIOUS_MOVE = YES;
				CLANG_WARN_UNGUARDED_AVAILABILITY = YES_AGGRESSIVE;
				CLANG_WARN_UNREACHABLE_CODE = YES;
				CLANG_WARN__DUPLICATE_METHOD_MATCH = YES;
				COPY_PHASE_STRIP = NO;
				DEBUG_INFORMATION_FORMAT = "dwarf-with-dsym";
				ENABLE_NS_ASSERTIONS = NO;
				ENABLE_STRICT_OBJC_MSGSEND = YES;
				ENABLE_USER_SCRIPT_SANDBOXING = YES;
				GCC_C_LANGUAGE_STANDARD = gnu17;
				GCC_NO_COMMON_BLOCKS = YES;
				GCC_WARN_64_TO_32_BIT_CONVERSION = YES;
				GCC_WARN_ABOUT_RETURN_TYPE = YES_ERROR;
				GCC_WARN_UNDECLARED_SELECTOR = YES;
				GCC_WARN_UNINITIALIZED_AUTOS = YES_AGGRESSIVE;
				GCC_WARN_UNUSED_FUNCTION = YES;
				GCC_WARN_UNUSED_VARIABLE = YES;
				IPHONEOS_DEPLOYMENT_TARGET = 17.5;
				LOCALIZATION_PREFERS_STRING_CATALOGS = YES;
				MTL_ENABLE_DEBUG_INFO = NO;
				MTL_FAST_MATH = YES;
				SDKROOT = iphoneos;
				SWIFT_COMPILATION_MODE = wholemodule;
				VALIDATE_PRODUCT = YES;
			};
			name = Release;
		};
		EA50402E2DFDDD180066976B /* Debug */ = {
			isa = XCBuildConfiguration;
			buildSettings = {
				ASSETCATALOG_COMPILER_APPICON_NAME = AppIcon;
				ASSETCATALOG_COMPILER_GLOBAL_ACCENT_COLOR_NAME = AccentColor;
				CODE_SIGN_STYLE = Automatic;
				CURRENT_PROJECT_VERSION = 1;
				DEVELOPMENT_ASSET_PATHS = "\"Top Tasker/Preview Content\"";
				ENABLE_PREVIEWS = YES;
				GENERATE_INFOPLIST_FILE = YES;
				INFOPLIST_KEY_UIApplicationSceneManifest_Generation = YES;
				INFOPLIST_KEY_UIApplicationSupportsIndirectInputEvents = YES;
				INFOPLIST_KEY_UILaunchScreen_Generation = YES;
				INFOPLIST_KEY_UISupportedInterfaceOrientations_iPad = "UIInterfaceOrientationPortrait UIInterfaceOrientationPortraitUpsideDown UIInterfaceOrientationLandscapeLeft UIInterfaceOrientationLandscapeRight";
				INFOPLIST_KEY_UISupportedInterfaceOrientations_iPhone = "UIInterfaceOrientationPortrait UIInterfaceOrientationLandscapeLeft UIInterfaceOrientationLandscapeRight";
				LD_RUNPATH_SEARCH_PATHS = (
					"$(inherited)",
					"@executable_path/Frameworks",
				);
				MARKETING_VERSION = 1.0;
				PRODUCT_BUNDLE_IDENTIFIER = "RoboFIT-app-.Top-Tasker";
				PRODUCT_NAME = "$(TARGET_NAME)";
				SWIFT_EMIT_LOC_STRINGS = YES;
				SWIFT_VERSION = 5.0;
				TARGETED_DEVICE_FAMILY = "1,2";
			};
			name = Debug;
		};
		EA50402F2DFDDD180066976B /* Release */ = {
			isa = XCBuildConfiguration;
			buildSettings = {
				ASSETCATALOG_COMPILER_APPICON_NAME = AppIcon;
				ASSETCATALOG_COMPILER_GLOBAL_ACCENT_COLOR_NAME = AccentColor;
				CODE_SIGN_STYLE = Automatic;
				CURRENT_PROJECT_VERSION = 1;
				DEVELOPMENT_ASSET_PATHS = "\"Top Tasker/Preview Content\"";
				ENABLE_PREVIEWS = YES;
				GENERATE_INFOPLIST_FILE = YES;
				INFOPLIST_KEY_UIApplicationSceneManifest_Generation = YES;
				INFOPLIST_KEY_UIApplicationSupportsIndirectInputEvents = YES;
				INFOPLIST_KEY_UILaunchScreen_Generation = YES;
				INFOPLIST_KEY_UISupportedInterfaceOrientations_iPad = "UIInterfaceOrientationPortrait UIInterfaceOrientationPortraitUpsideDown UIInterfaceOrientationLandscapeLeft UIInterfaceOrientationLandscapeRight";
				INFOPLIST_KEY_UISupportedInterfaceOrientations_iPhone = "UIInterfaceOrientationPortrait UIInterfaceOrientationLandscapeLeft UIInterfaceOrientationLandscapeRight";
				LD_RUNPATH_SEARCH_PATHS = (
					"$(inherited)",
					"@executable_path/Frameworks",
				);
				MARKETING_VERSION = 1.0;
				PRODUCT_BUNDLE_IDENTIFIER = "RoboFIT-app-.Top-Tasker";
				PRODUCT_NAME = "$(TARGET_NAME)";
				SWIFT_EMIT_LOC_STRINGS = YES;
				SWIFT_VERSION = 5.0;
				TARGETED_DEVICE_FAMILY = "1,2";
			};
			name = Release;
		};
		EA5040312DFDDD180066976B /* Debug */ = {
			isa = XCBuildConfiguration;
			buildSettings = {
				ALWAYS_EMBED_SWIFT_STANDARD_LIBRARIES = YES;
				BUNDLE_LOADER = "$(TEST_HOST)";
				CODE_SIGN_STYLE = Automatic;
				CURRENT_PROJECT_VERSION = 1;
				GENERATE_INFOPLIST_FILE = YES;
				IPHONEOS_DEPLOYMENT_TARGET = 17.5;
				MARKETING_VERSION = 1.0;
				PRODUCT_BUNDLE_IDENTIFIER = "RoboFIT-app-.Top-TaskerTests";
				PRODUCT_NAME = "$(TARGET_NAME)";
				SWIFT_EMIT_LOC_STRINGS = NO;
				SWIFT_VERSION = 5.0;
				TARGETED_DEVICE_FAMILY = "1,2";
				TEST_HOST = "$(BUILT_PRODUCTS_DIR)/Top Tasker.app/$(BUNDLE_EXECUTABLE_FOLDER_PATH)/Top Tasker";
			};
			name = Debug;
		};
		EA5040322DFDDD180066976B /* Release */ = {
			isa = XCBuildConfiguration;
			buildSettings = {
				ALWAYS_EMBED_SWIFT_STANDARD_LIBRARIES = YES;
				BUNDLE_LOADER = "$(TEST_HOST)";
				CODE_SIGN_STYLE = Automatic;
				CURRENT_PROJECT_VERSION = 1;
				GENERATE_INFOPLIST_FILE = YES;
				IPHONEOS_DEPLOYMENT_TARGET = 17.5;
				MARKETING_VERSION = 1.0;
				PRODUCT_BUNDLE_IDENTIFIER = "RoboFIT-app-.Top-TaskerTests";
				PRODUCT_NAME = "$(TARGET_NAME)";
				SWIFT_EMIT_LOC_STRINGS = NO;
				SWIFT_VERSION = 5.0;
				TARGETED_DEVICE_FAMILY = "1,2";
				TEST_HOST = "$(BUILT_PRODUCTS_DIR)/Top Tasker.app/$(BUNDLE_EXECUTABLE_FOLDER_PATH)/Top Tasker";
			};
			name = Release;
		};
		EA5040342DFDDD180066976B /* Debug */ = {
			isa = XCBuildConfiguration;
			buildSettings = {
				ALWAYS_EMBED_SWIFT_STANDARD_LIBRARIES = YES;
				CODE_SIGN_STYLE = Automatic;
				CURRENT_PROJECT_VERSION = 1;
				GENERATE_INFOPLIST_FILE = YES;
				MARKETING_VERSION = 1.0;
				PRODUCT_BUNDLE_IDENTIFIER = "RoboFIT-app-.Top-TaskerUITests";
				PRODUCT_NAME = "$(TARGET_NAME)";
				SWIFT_EMIT_LOC_STRINGS = NO;
				SWIFT_VERSION = 5.0;
				TARGETED_DEVICE_FAMILY = "1,2";
				TEST_TARGET_NAME = "Top Tasker";
			};
			name = Debug;
		};
		EA5040352DFDDD180066976B /* Release */ = {
			isa = XCBuildConfiguration;
			buildSettings = {
				ALWAYS_EMBED_SWIFT_STANDARD_LIBRARIES = YES;
				CODE_SIGN_STYLE = Automatic;
				CURRENT_PROJECT_VERSION = 1;
				GENERATE_INFOPLIST_FILE = YES;
				MARKETING_VERSION = 1.0;
				PRODUCT_BUNDLE_IDENTIFIER = "RoboFIT-app-.Top-TaskerUITests";
				PRODUCT_NAME = "$(TARGET_NAME)";
				SWIFT_EMIT_LOC_STRINGS = NO;
				SWIFT_VERSION = 5.0;
				TARGETED_DEVICE_FAMILY = "1,2";
				TEST_TARGET_NAME = "Top Tasker";
			};
			name = Release;
		};
/* End XCBuildConfiguration section */

/* Begin XCConfigurationList section */
		EA5040042DFDDD150066976B /* Build configuration list for PBXProject "Top Tasker" */ = {
			isa = XCConfigurationList;
			buildConfigurations = (
				EA50402B2DFDDD180066976B /* Debug */,
				EA50402C2DFDDD180066976B /* Release */,
			);
			defaultConfigurationIsVisible = 0;
			defaultConfigurationName = Release;
		};
		EA50402D2DFDDD180066976B /* Build configuration list for PBXNativeTarget "Top Tasker" */ = {
			isa = XCConfigurationList;
			buildConfigurations = (
				EA50402E2DFDDD180066976B /* Debug */,
				EA50402F2DFDDD180066976B /* Release */,
			);
			defaultConfigurationIsVisible = 0;
			defaultConfigurationName = Release;
		};
		EA5040302DFDDD180066976B /* Build configuration list for PBXNativeTarget "Top TaskerTests" */ = {
			isa = XCConfigurationList;
			buildConfigurations = (
				EA5040312DFDDD180066976B /* Debug */,
				EA5040322DFDDD180066976B /* Release */,
			);
			defaultConfigurationIsVisible = 0;
			defaultConfigurationName = Release;
		};
		EA5040332DFDDD180066976B /* Build configuration list for PBXNativeTarget "Top TaskerUITests" */ = {
			isa = XCConfigurationList;
			buildConfigurations = (
				EA5040342DFDDD180066976B /* Debug */,
				EA5040352DFDDD180066976B /* Release */,
			);
			defaultConfigurationIsVisible = 0;
			defaultConfigurationName = Release;
		};
/* End XCConfigurationList section */
	};
	rootObject = EA5040012DFDDD150066976B /* Project object */;
}
